
Microsoft Visual Studio Solution File, Format Version 12.00
# Visual Studio Version 16
VisualStudioVersion = 16.0.30011.22
MinimumVisualStudioVersion = 10.0.40219.1
Project("{888888A0-9F3D-457C-B088-3A5042F75D52}") = "TwitterScript", "TwitterScript.pyproj", "{E538CC78-81BA-4C55-A2B6-943C6A8BD629}"
EndProject
Global
	GlobalSection(SolutionConfigurationPlatforms) = preSolution
		Debug|Any CPU = Debug|Any CPU
		Release|Any CPU = Release|Any CPU
	EndGlobalSection
	GlobalSection(ProjectConfigurationPlatforms) = postSolution
		{E538CC78-81BA-4C55-A2B6-943C6A8BD629}.Debug|Any CPU.ActiveCfg = Debug|Any CPU
		{E538CC78-81BA-4C55-A2B6-943C6A8BD629}.Release|Any CPU.ActiveCfg = Release|Any CPU
	EndGlobalSection
	GlobalSection(SolutionProperties) = preSolution
		HideSolutionNode = FALSE
	EndGlobalSection
	GlobalSection(ExtensibilityGlobals) = postSolution
		SolutionGuid = {968D27FF-C68F-4D31-AE08-0EB867E32F2F}
	EndGlobalSection
EndGlobal
