
Microsoft Visual Studio Solution File, Format Version 12.00
# Visual Studio Version 16
VisualStudioVersion = 16.0.30011.22
MinimumVisualStudioVersion = 10.0.40219.1
Project("{888888A0-9F3D-457C-B088-3A5042F75D52}") = "Viral_Tweet", "Viral_Tweet.pyproj", "{A2A78A46-9801-40AF-8B66-FD40ED958584}"
EndProject
Global
	GlobalSection(SolutionConfigurationPlatforms) = preSolution
		Debug|Any CPU = Debug|Any CPU
		Release|Any CPU = Release|Any CPU
	EndGlobalSection
	GlobalSection(ProjectConfigurationPlatforms) = postSolution
		{A2A78A46-9801-40AF-8B66-FD40ED958584}.Debug|Any CPU.ActiveCfg = Debug|Any CPU
		{A2A78A46-9801-40AF-8B66-FD40ED958584}.Release|Any CPU.ActiveCfg = Release|Any CPU
	EndGlobalSection
	GlobalSection(SolutionProperties) = preSolution
		HideSolutionNode = FALSE
	EndGlobalSection
	GlobalSection(ExtensibilityGlobals) = postSolution
		SolutionGuid = {094A84C2-6B64-4568-A722-992E36CE398A}
	EndGlobalSection
EndGlobal
